<?xml version="1.0" encoding="utf-8"?>
<Project ToolsVersion="4.0" xmlns="http://schemas.microsoft.com/developer/msbuild/2003">
  <ItemGroup>
    <Filter Include="源文件">
      <UniqueIdentifier>{4FC737F1-C7A5-4376-A066-2A32D752A2FF}</UniqueIdentifier>
      <Extensions>cpp;c;cc;cxx;c++;def;odl;idl;hpj;bat;asm;asmx</Extensions>
    </Filter>
    <Filter Include="头文件">
      <UniqueIdentifier>{93995380-89BD-4b04-88EB-625FBE52EBFB}</UniqueIdentifier>
      <Extensions>h;hh;hpp;hxx;h++;hm;inl;inc;ipp;xsd</Extensions>
    </Filter>
    <Filter Include="资源文件">
      <UniqueIdentifier>{67DA6AB6-F800-4c08-8B7A-83BB121AAD01}</UniqueIdentifier>
      <Extensions>rc;ico;cur;bmp;dlg;rc2;rct;bin;rgs;gif;jpg;jpeg;jpe;resx;tiff;tif;png;wav;mfcribbon-ms</Extensions>
    </Filter>
  </ItemGroup>
  <ItemGroup>
    <ClCompile Include="hello.cpp">
      <Filter>源文件</Filter>
    </ClCompile>
    <ClCompile Include="getinfo.cpp">
      <Filter>源文件</Filter>
    </ClCompile>
    <ClCompile Include="def_func.cpp">
      <Filter>源文件</Filter>
    </ClCompile>
    <ClCompile Include="limits.cpp">
      <Filter>源文件</Filter>
    </ClCompile>
    <ClCompile Include="inch2foot.cpp">
      <Filter>源文件</Filter>
    </ClCompile>
    <ClCompile Include="to_degree.cpp">
      <Filter>源文件</Filter>
    </ClCompile>
    <ClCompile Include="usa_population.cpp">
      <Filter>源文件</Filter>
    </ClCompile>
    <ClCompile Include="to_usa_mpg.cpp">
      <Filter>源文件</Filter>
    </ClCompile>
    <ClCompile Include="test.cpp">
      <Filter>源文件</Filter>
    </ClCompile>
    <ClCompile Include="xiti_c4_1.cpp">
      <Filter>源文件</Filter>
    </ClCompile>
    <ClCompile Include="xiti_c4_3.cpp">
      <Filter>源文件</Filter>
    </ClCompile>
    <ClCompile Include="xiti_c4_5.cpp">
      <Filter>源文件</Filter>
    </ClCompile>
    <ClCompile Include="xiti_c4_6.cpp">
      <Filter>源文件</Filter>
    </ClCompile>
    <ClCompile Include="xiti_c4_7.cpp">
      <Filter>源文件</Filter>
    </ClCompile>
    <ClCompile Include="cinfish.cpp">
      <Filter>源文件</Filter>
    </ClCompile>
    <ClCompile Include="nested.cpp">
      <Filter>源文件</Filter>
    </ClCompile>
    <ClCompile Include="test_cctype.cpp">
      <Filter>源文件</Filter>
    </ClCompile>
    <ClCompile Include="test_switch.cpp">
      <Filter>源文件</Filter>
    </ClCompile>
    <ClCompile Include="textin.cpp">
      <Filter>源文件</Filter>
    </ClCompile>
    <ClCompile Include="xiti_c5_1.cpp">
      <Filter>源文件</Filter>
    </ClCompile>
    <ClCompile Include="xiti_c5_3.cpp">
      <Filter>源文件</Filter>
    </ClCompile>
    <ClCompile Include="xiti_c5_5.cpp">
      <Filter>源文件</Filter>
    </ClCompile>
    <ClCompile Include="xiti_c5_6.cpp">
      <Filter>源文件</Filter>
    </ClCompile>
    <ClCompile Include="xiti_c5_10.cpp">
      <Filter>源文件</Filter>
    </ClCompile>
    <ClCompile Include="cinfish2.cpp">
      <Filter>源文件</Filter>
    </ClCompile>
    <ClCompile Include="arrfun.cpp">
      <Filter>源文件</Filter>
    </ClCompile>
    <ClCompile Include="outfile.cpp">
      <Filter>源文件</Filter>
    </ClCompile>
    <ClCompile Include="xiti_c6_1.cpp">
      <Filter>源文件</Filter>
    </ClCompile>
    <ClCompile Include="xiti_c6_3.cpp">
      <Filter>源文件</Filter>
    </ClCompile>
    <ClCompile Include="xiti_c6_5.cpp">
      <Filter>源文件</Filter>
    </ClCompile>
    <ClCompile Include="xiti_c6_8.cpp">
      <Filter>源文件</Filter>
    </ClCompile>
    <ClCompile Include="test_func_point.cpp">
      <Filter>源文件</Filter>
    </ClCompile>
    <ClCompile Include="xiti_c7_1.cpp">
      <Filter>源文件</Filter>
    </ClCompile>
    <ClCompile Include="xiti_c7_3.cpp">
      <Filter>源文件</Filter>
    </ClCompile>
    <ClCompile Include="xiti_c7_5.cpp">
      <Filter>源文件</Filter>
    </ClCompile>
    <ClCompile Include="xiti_c7_9.cpp">
      <Filter>源文件</Filter>
    </ClCompile>
    <ClCompile Include="xiti_c7_10.cpp">
      <Filter>源文件</Filter>
    </ClCompile>
    <ClCompile Include="xiti_c8_1.cpp">
      <Filter>源文件</Filter>
    </ClCompile>
    <ClCompile Include="xiti_c8_2.cpp">
      <Filter>源文件</Filter>
    </ClCompile>
    <ClCompile Include="xiti_c8_5.cpp">
      <Filter>源文件</Filter>
    </ClCompile>
    <ClCompile Include="xiti_c8_6.cpp">
      <Filter>源文件</Filter>
    </ClCompile>
    <ClCompile Include="test_head_file.cpp">
      <Filter>源文件</Filter>
    </ClCompile>
    <ClCompile Include="coordin.cpp">
      <Filter>源文件</Filter>
    </ClCompile>
  </ItemGroup>
  <ItemGroup>
    <ClInclude Include="coordin.h">
      <Filter>头文件</Filter>
    </ClInclude>
  </ItemGroup>
</Project>